// !$*UTF8*$!
{
	archiveVersion = 1;
	classes = {
	};
	objectVersion = 46;
	objects = {

/* Begin PBXBuildFile section */
		7DCE7E2817CEE982006264AB /* Cocoa.framework in Frameworks */ = {isa = PBXBuildFile; fileRef = 7DCE7E2717CEE982006264AB /* Cocoa.framework */; };
		7DCE7E3217CEE982006264AB /* InfoPlist.strings in Resources */ = {isa = PBXBuildFile; fileRef = 7DCE7E3017CEE982006264AB /* InfoPlist.strings */; };
		7DCE7E3417CEE982006264AB /* main.m in Sources */ = {isa = PBXBuildFile; fileRef = 7DCE7E3317CEE982006264AB /* main.m */; };
		7DCE7E3817CEE982006264AB /* Credits.rtf in Resources */ = {isa = PBXBuildFile; fileRef = 7DCE7E3617CEE982006264AB /* Credits.rtf */; };
		7DCE7E3B17CEE982006264AB /* BMAppDelegate.m in Sources */ = {isa = PBXBuildFile; fileRef = 7DCE7E3A17CEE982006264AB /* BMAppDelegate.m */; };
		7DCE7E3E17CEE982006264AB /* MainMenu.xib in Resources */ = {isa = PBXBuildFile; fileRef = 7DCE7E3C17CEE982006264AB /* MainMenu.xib */; };
/* End PBXBuildFile section */

/* Begin PBXFileReference section */
		7DCE7E2417CEE982006264AB /* Checking Checkpoint.app */ = {isa = PBXFileReference; explicitFileType = wrapper.application; includeInIndex = 0; path = "Checking Checkpoint.app"; sourceTree = BUILT_PRODUCTS_DIR; };
		7DCE7E2717CEE982006264AB /* Cocoa.framework */ = {isa = PBXFileReference; lastKnownFileType = wrapper.framework; name = Cocoa.framework; path = System/Library/Frameworks/Cocoa.framework; sourceTree = SDKROOT; };
		7DCE7E2A17CEE982006264AB /* AppKit.framework */ = {isa = PBXFileReference; lastKnownFileType = wrapper.framework; name = AppKit.framework; path = System/Library/Frameworks/AppKit.framework; sourceTree = SDKROOT; };
		7DCE7E2B17CEE982006264AB /* CoreData.framework */ = {isa = PBXFileReference; lastKnownFileType = wrapper.framework; name = CoreData.framework; path = System/Library/Frameworks/CoreData.framework; sourceTree = SDKROOT; };
		7DCE7E2C17CEE982006264AB /* Foundation.framework */ = {isa = PBXFileReference; lastKnownFileType = wrapper.framework; name = Foundation.framework; path = System/Library/Frameworks/Foundation.framework; sourceTree = SDKROOT; };
		7DCE7E2F17CEE982006264AB /* Checking Checkpoint-Info.plist */ = {isa = PBXFileReference; lastKnownFileType = text.plist.xml; path = "Checking Checkpoint-Info.plist"; sourceTree = "<group>"; };
		7DCE7E3117CEE982006264AB /* en */ = {isa = PBXFileReference; lastKnownFileType = text.plist.strings; name = en; path = en.lproj/InfoPlist.strings; sourceTree = "<group>"; };
		7DCE7E3317CEE982006264AB /* main.m */ = {isa = PBXFileReference; lastKnownFileType = sourcecode.c.objc; path = main.m; sourceTree = "<group>"; };
		7DCE7E3517CEE982006264AB /* Checking Checkpoint-Prefix.pch */ = {isa = PBXFileReference; lastKnownFileType = sourcecode.c.h; path = "Checking Checkpoint-Prefix.pch"; sourceTree = "<group>"; };
		7DCE7E3717CEE982006264AB /* en */ = {isa = PBXFileReference; lastKnownFileType = text.rtf; name = en; path = en.lproj/Credits.rtf; sourceTree = "<group>"; };
		7DCE7E3917CEE982006264AB /* BMAppDelegate.h */ = {isa = PBXFileReference; lastKnownFileType = sourcecode.c.h; path = BMAppDelegate.h; sourceTree = "<group>"; };
		7DCE7E3A17CEE982006264AB /* BMAppDelegate.m */ = {isa = PBXFileReference; lastKnownFileType = sourcecode.c.objc; path = BMAppDelegate.m; sourceTree = "<group>"; };
		7DCE7E3D17CEE982006264AB /* en */ = {isa = PBXFileReference; lastKnownFileType = file.xib; name = en; path = en.lproj/MainMenu.xib; sourceTree = "<group>"; };
/* End PBXFileReference section */

/* Begin PBXFrameworksBuildPhase section */
		7DCE7E2117CEE982006264AB /* Frameworks */ = {
			isa = PBXFrameworksBuildPhase;
			buildActionMask = 2147483647;
			files = (
				7DCE7E2817CEE982006264AB /* Cocoa.framework in Frameworks */,
			);
			runOnlyForDeploymentPostprocessing = 0;
		};
/* End PBXFrameworksBuildPhase section */

/* Begin PBXGroup section */
		7DCE7E1B17CEE982006264AB = {
			isa = PBXGroup;
			children = (
				7DCE7E2D17CEE982006264AB /* Checking Checkpoint */,
				7DCE7E2617CEE982006264AB /* Frameworks */,
				7DCE7E2517CEE982006264AB /* Products */,
			);
			sourceTree = "<group>";
		};
		7DCE7E2517CEE982006264AB /* Products */ = {
			isa = PBXGroup;
			children = (
				7DCE7E2417CEE982006264AB /* Checking Checkpoint.app */,
			);
			name = Products;
			sourceTree = "<group>";
		};
		7DCE7E2617CEE982006264AB /* Frameworks */ = {
			isa = PBXGroup;
			children = (
				7DCE7E2717CEE982006264AB /* Cocoa.framework */,
				7DCE7E2917CEE982006264AB /* Other Frameworks */,
			);
			name = Frameworks;
			sourceTree = "<group>";
		};
		7DCE7E2917CEE982006264AB /* Other Frameworks */ = {
			isa = PBXGroup;
			children = (
				7DCE7E2A17CEE982006264AB /* AppKit.framework */,
				7DCE7E2B17CEE982006264AB /* CoreData.framework */,
				7DCE7E2C17CEE982006264AB /* Foundation.framework */,
			);
			name = "Other Frameworks";
			sourceTree = "<group>";
		};
		7DCE7E2D17CEE982006264AB /* Checking Checkpoint */ = {
			isa = PBXGroup;
			children = (
				7DCE7E3917CEE982006264AB /* BMAppDelegate.h */,
				7DCE7E3A17CEE982006264AB /* BMAppDelegate.m */,
				7DCE7E3C17CEE982006264AB /* MainMenu.xib */,
				7DCE7E2E17CEE982006264AB /* Supporting Files */,
			);
			path = "Checking Checkpoint";
			sourceTree = "<group>";
		};
		7DCE7E2E17CEE982006264AB /* Supporting Files */ = {
			isa = PBXGroup;
			children = (
				7DCE7E2F17CEE982006264AB /* Checking Checkpoint-Info.plist */,
				7DCE7E3017CEE982006264AB /* InfoPlist.strings */,
				7DCE7E3317CEE982006264AB /* main.m */,
				7DCE7E3517CEE982006264AB /* Checking Checkpoint-Prefix.pch */,
				7DCE7E3617CEE982006264AB /* Credits.rtf */,
			);
			name = "Supporting Files";
			sourceTree = "<group>";
		};
/* End PBXGroup section */

/* Begin PBXNativeTarget section */
		7DCE7E2317CEE982006264AB /* Checking Checkpoint */ = {
			isa = PBXNativeTarget;
			buildConfigurationList = 7DCE7E4117CEE982006264AB /* Build configuration list for PBXNativeTarget "Checking Checkpoint" */;
			buildPhases = (
				7DCE7E2017CEE982006264AB /* Sources */,
				7DCE7E2117CEE982006264AB /* Frameworks */,
				7DCE7E2217CEE982006264AB /* Resources */,
			);
			buildRules = (
			);
			dependencies = (
			);
			name = "Checking Checkpoint";
			productName = "Checking Checkpoint";
			productReference = 7DCE7E2417CEE982006264AB /* Checking Checkpoint.app */;
			productType = "com.apple.product-type.application";
		};
/* End PBXNativeTarget section */

/* Begin PBXProject section */
		7DCE7E1C17CEE982006264AB /* Project object */ = {
			isa = PBXProject;
			attributes = {
				CLASSPREFIX = BM;
				LastUpgradeCheck = 0460;
				ORGANIZATIONNAME = "Brian McVeigh";
			};
			buildConfigurationList = 7DCE7E1F17CEE982006264AB /* Build configuration list for PBXProject "Checking Checkpoint" */;
			compatibilityVersion = "Xcode 3.2";
			developmentRegion = English;
			hasScannedForEncodings = 0;
			knownRegions = (
				en,
			);
			mainGroup = 7DCE7E1B17CEE982006264AB;
			productRefGroup = 7DCE7E2517CEE982006264AB /* Products */;
			projectDirPath = "";
			projectRoot = "";
			targets = (
				7DCE7E2317CEE982006264AB /* Checking Checkpoint */,
			);
		};
/* End PBXProject section */

/* Begin PBXResourcesBuildPhase section */
		7DCE7E2217CEE982006264AB /* Resources */ = {
			isa = PBXResourcesBuildPhase;
			buildActionMask = 2147483647;
			files = (
				7DCE7E3217CEE982006264AB /* InfoPlist.strings in Resources */,
				7DCE7E3817CEE982006264AB /* Credits.rtf in Resources */,
				7DCE7E3E17CEE982006264AB /* MainMenu.xib in Resources */,
			);
			runOnlyForDeploymentPostprocessing = 0;
		};
/* End PBXResourcesBuildPhase section */

/* Begin PBXSourcesBuildPhase section */
		7DCE7E2017CEE982006264AB /* Sources */ = {
			isa = PBXSourcesBuildPhase;
			buildActionMask = 2147483647;
			files = (
				7DCE7E3417CEE982006264AB /* main.m in Sources */,
				7DCE7E3B17CEE982006264AB /* BMAppDelegate.m in Sources */,
			);
			runOnlyForDeploymentPostprocessing = 0;
		};
/* End PBXSourcesBuildPhase section */

/* Begin PBXVariantGroup section */
		7DCE7E3017CEE982006264AB /* InfoPlist.strings */ = {
			isa = PBXVariantGroup;
			children = (
				7DCE7E3117CEE982006264AB /* en */,
			);
			name = InfoPlist.strings;
			sourceTree = "<group>";
		};
		7DCE7E3617CEE982006264AB /* Credits.rtf */ = {
			isa = PBXVariantGroup;
			children = (
				7DCE7E3717CEE982006264AB /* en */,
			);
			name = Credits.rtf;
			sourceTree = "<group>";
		};
		7DCE7E3C17CEE982006264AB /* MainMenu.xib */ = {
			isa = PBXVariantGroup;
			children = (
				7DCE7E3D17CEE982006264AB /* en */,
			);
			name = MainMenu.xib;
			sourceTree = "<group>";
		};
/* End PBXVariantGroup section */

/* Begin XCBuildConfiguration section */
		7DCE7E3F17CEE982006264AB /* Debug */ = {
			isa = XCBuildConfiguration;
			buildSettings = {
				ALWAYS_SEARCH_USER_PATHS = NO;
				ARCHS = "$(ARCHS_STANDARD_64_BIT)";
				CLANG_CXX_LANGUAGE_STANDARD = "gnu++0x";
				CLANG_CXX_LIBRARY = "libc++";
				CLANG_WARN_CONSTANT_CONVERSION = YES;
				CLANG_WARN_EMPTY_BODY = YES;
				CLANG_WARN_ENUM_CONVERSION = YES;
				CLANG_WARN_INT_CONVERSION = YES;
				CLANG_WARN__DUPLICATE_METHOD_MATCH = YES;
				COPY_PHASE_STRIP = NO;
				GCC_C_LANGUAGE_STANDARD = gnu99;
				GCC_DYNAMIC_NO_PIC = NO;
				GCC_ENABLE_OBJC_EXCEPTIONS = YES;
				GCC_OPTIMIZATION_LEVEL = 0;
				GCC_PREPROCESSOR_DEFINITIONS = (
					"DEBUG=1",
					"$(inherited)",
				);
				GCC_SYMBOLS_PRIVATE_EXTERN = NO;
				GCC_WARN_64_TO_32_BIT_CONVERSION = YES;
				GCC_WARN_ABOUT_RETURN_TYPE = YES;
				GCC_WARN_UNINITIALIZED_AUTOS = YES;
				GCC_WARN_UNUSED_VARIABLE = YES;
				MACOSX_DEPLOYMENT_TARGET = 10.8;
				ONLY_ACTIVE_ARCH = YES;
				SDKROOT = macosx;
			};
			name = Debug;
		};
		7DCE7E4017CEE982006264AB /* Release */ = {
			isa = XCBuildConfiguration;
			buildSettings = {
				ALWAYS_SEARCH_USER_PATHS = NO;
				ARCHS = "$(ARCHS_STANDARD_64_BIT)";
				CLANG_CXX_LANGUAGE_STANDARD = "gnu++0x";
				CLANG_CXX_LIBRARY = "libc++";
				CLANG_WARN_CONSTANT_CONVERSION = YES;
				CLANG_WARN_EMPTY_BODY = YES;
				CLANG_WARN_ENUM_CONVERSION = YES;
				CLANG_WARN_INT_CONVERSION = YES;
				CLANG_WARN__DUPLICATE_METHOD_MATCH = YES;
				COPY_PHASE_STRIP = YES;
				DEBUG_INFORMATION_FORMAT = "dwarf-with-dsym";
				GCC_C_LANGUAGE_STANDARD = gnu99;
				GCC_ENABLE_OBJC_EXCEPTIONS = YES;
				GCC_WARN_64_TO_32_BIT_CONVERSION = YES;
				GCC_WARN_ABOUT_RETURN_TYPE = YES;
				GCC_WARN_UNINITIALIZED_AUTOS = YES;
				GCC_WARN_UNUSED_VARIABLE = YES;
				MACOSX_DEPLOYMENT_TARGET = 10.8;
				SDKROOT = macosx;
			};
			name = Release;
		};
		7DCE7E4217CEE982006264AB /* Debug */ = {
			isa = XCBuildConfiguration;
			buildSettings = {
				COMBINE_HIDPI_IMAGES = YES;
				GCC_PRECOMPILE_PREFIX_HEADER = YES;
				GCC_PREFIX_HEADER = "Checking Checkpoint/Checking Checkpoint-Prefix.pch";
				INFOPLIST_FILE = "Checking Checkpoint/Checking Checkpoint-Info.plist";
				PRODUCT_NAME = "$(TARGET_NAME)";
				WRAPPER_EXTENSION = app;
			};
			name = Debug;
		};
		7DCE7E4317CEE982006264AB /* Release */ = {
			isa = XCBuildConfiguration;
			buildSettings = {
				COMBINE_HIDPI_IMAGES = YES;
				GCC_PRECOMPILE_PREFIX_HEADER = YES;
				GCC_PREFIX_HEADER = "Checking Checkpoint/Checking Checkpoint-Prefix.pch";
				INFOPLIST_FILE = "Checking Checkpoint/Checking Checkpoint-Info.plist";
				PRODUCT_NAME = "$(TARGET_NAME)";
				WRAPPER_EXTENSION = app;
			};
			name = Release;
		};
/* End XCBuildConfiguration section */

/* Begin XCConfigurationList section */
		7DCE7E1F17CEE982006264AB /* Build configuration list for PBXProject "Checking Checkpoint" */ = {
			isa = XCConfigurationList;
			buildConfigurations = (
				7DCE7E3F17CEE982006264AB /* Debug */,
				7DCE7E4017CEE982006264AB /* Release */,
			);
			defaultConfigurationIsVisible = 0;
			defaultConfigurationName = Release;
		};
		7DCE7E4117CEE982006264AB /* Build configuration list for PBXNativeTarget "Checking Checkpoint" */ = {
			isa = XCConfigurationList;
			buildConfigurations = (
				7DCE7E4217CEE982006264AB /* Debug */,
				7DCE7E4317CEE982006264AB /* Release */,
			);
			defaultConfigurationIsVisible = 0;
		};
/* End XCConfigurationList section */
	};
	rootObject = 7DCE7E1C17CEE982006264AB /* Project object */;
}
